
Microsoft Visual Studio Solution File, Format Version 12.00
# Visual Studio Version 17
VisualStudioVersion = 17.7.34221.43
MinimumVisualStudioVersion = 10.0.40219.1
Project("{9A19103F-16F7-4668-BE54-9A1E7A4F7556}") = "E-Journal.API", "E-Journal.API\E-Journal.API.csproj", "{DBDC4204-8217-46DC-9CEC-F61AA2960238}"
EndProject
Project("{9A19103F-16F7-4668-BE54-9A1E7A4F7556}") = "E-Journal.Domain", "E-Journal.Domain\E-Journal.Domain.csproj", "{AC810D40-6D01-4654-9088-71AD181BEE80}"
EndProject
Project("{9A19103F-16F7-4668-BE54-9A1E7A4F7556}") = "E-Journal.Infrastructure", "E-Journal.Infrastructure\E-Journal.Infrastructure.csproj", "{AE47F5FB-C4A9-4F1C-90C9-8C000BB7580C}"
EndProject
Project("{9A19103F-16F7-4668-BE54-9A1E7A4F7556}") = "E-Journal.Client", "E-Journal.Client\E-Journal.Client.csproj", "{B55896CF-0FAA-4554-88D5-B3CB76F32E2C}"
EndProject
Global
	GlobalSection(SolutionConfigurationPlatforms) = preSolution
		Debug|Any CPU = Debug|Any CPU
		Release|Any CPU = Release|Any CPU
	EndGlobalSection
	GlobalSection(ProjectConfigurationPlatforms) = postSolution
		{DBDC4204-8217-46DC-9CEC-F61AA2960238}.Debug|Any CPU.ActiveCfg = Debug|Any CPU
		{DBDC4204-8217-46DC-9CEC-F61AA2960238}.Debug|Any CPU.Build.0 = Debug|Any CPU
		{DBDC4204-8217-46DC-9CEC-F61AA2960238}.Release|Any CPU.ActiveCfg = Release|Any CPU
		{DBDC4204-8217-46DC-9CEC-F61AA2960238}.Release|Any CPU.Build.0 = Release|Any CPU
		{AC810D40-6D01-4654-9088-71AD181BEE80}.Debug|Any CPU.ActiveCfg = Debug|Any CPU
		{AC810D40-6D01-4654-9088-71AD181BEE80}.Debug|Any CPU.Build.0 = Debug|Any CPU
		{AC810D40-6D01-4654-9088-71AD181BEE80}.Release|Any CPU.ActiveCfg = Release|Any CPU
		{AC810D40-6D01-4654-9088-71AD181BEE80}.Release|Any CPU.Build.0 = Release|Any CPU
		{AE47F5FB-C4A9-4F1C-90C9-8C000BB7580C}.Debug|Any CPU.ActiveCfg = Debug|Any CPU
		{AE47F5FB-C4A9-4F1C-90C9-8C000BB7580C}.Debug|Any CPU.Build.0 = Debug|Any CPU
		{AE47F5FB-C4A9-4F1C-90C9-8C000BB7580C}.Release|Any CPU.ActiveCfg = Release|Any CPU
		{AE47F5FB-C4A9-4F1C-90C9-8C000BB7580C}.Release|Any CPU.Build.0 = Release|Any CPU
		{B55896CF-0FAA-4554-88D5-B3CB76F32E2C}.Debug|Any CPU.ActiveCfg = Debug|Any CPU
		{B55896CF-0FAA-4554-88D5-B3CB76F32E2C}.Debug|Any CPU.Build.0 = Debug|Any CPU
		{B55896CF-0FAA-4554-88D5-B3CB76F32E2C}.Release|Any CPU.ActiveCfg = Release|Any CPU
		{B55896CF-0FAA-4554-88D5-B3CB76F32E2C}.Release|Any CPU.Build.0 = Release|Any CPU
	EndGlobalSection
	GlobalSection(SolutionProperties) = preSolution
		HideSolutionNode = FALSE
	EndGlobalSection
	GlobalSection(ExtensibilityGlobals) = postSolution
		SolutionGuid = {D722984A-E141-4AC5-9DA3-959C0B95B647}
	EndGlobalSection
EndGlobal
